
Microsoft Visual Studio Solution File, Format Version 12.00
# Visual Studio Version 16
VisualStudioVersion = 16.0.30011.22
MinimumVisualStudioVersion = 10.0.40219.1
Project("{FAE04EC0-301F-11D3-BF4B-00C04F79EFBC}") = "DownloadOPS", "DownloadOPS.csproj", "{DBE9628D-EE1E-4472-BC28-4641E45FEFD2}"
EndProject
Global
	GlobalSection(SolutionConfigurationPlatforms) = preSolution
		Debug|Any CPU = Debug|Any CPU
		Release|Any CPU = Release|Any CPU
	EndGlobalSection
	GlobalSection(ProjectConfigurationPlatforms) = postSolution
		{DBE9628D-EE1E-4472-BC28-4641E45FEFD2}.Debug|Any CPU.ActiveCfg = Debug|Any CPU
		{DBE9628D-EE1E-4472-BC28-4641E45FEFD2}.Debug|Any CPU.Build.0 = Debug|Any CPU
		{DBE9628D-EE1E-4472-BC28-4641E45FEFD2}.Release|Any CPU.ActiveCfg = Release|Any CPU
		{DBE9628D-EE1E-4472-BC28-4641E45FEFD2}.Release|Any CPU.Build.0 = Release|Any CPU
	EndGlobalSection
	GlobalSection(SolutionProperties) = preSolution
		HideSolutionNode = FALSE
	EndGlobalSection
	GlobalSection(ExtensibilityGlobals) = postSolution
		SolutionGuid = {A2531863-6F4E-45E2-AA5D-D9D0D5B9FE8E}
	EndGlobalSection
EndGlobal
